{
  "pins" : [
    {
      "identity" : "combine-schedulers",
      "kind" : "remoteSourceControl",
      "location" : "https://github.com/pointfreeco/combine-schedulers",
      "state" : {
        "revision" : "9dc9cbe4bc45c65164fa653a563d8d8db61b09bb",
        "version" : "1.0.0"
      }
    },
    {
      "identity" : "functions-swift",
      "kind" : "remoteSourceControl",
      "location" : "https://github.com/supabase-community/functions-swift",
      "state" : {
        "revision" : "98878a6e3aebfeb6aaeda234db66d64196e4cf31",
        "version" : "1.1.0"
      }
    },
    {
      "identity" : "get",
      "kind" : "remoteSourceControl",
      "location" : "https://github.com/kean/Get",
      "state" : {
        "revision" : "12830cc64f31789ae6f4352d2d51d03a25fc3741",
        "version" : "2.1.6"
      }
    },
    {
      "identity" : "getextensions",
      "kind" : "remoteSourceControl",
      "location" : "https://github.com/binaryscraping/GetExtensions",
      "state" : {
        "revision" : "aa20f38721142eb6592b2c8f11179d32d7d70ae3",
        "version" : "1.0.0"
      }
    },
    {
      "identity" : "gotrue-swift",
      "kind" : "remoteSourceControl",
      "location" : "https://github.com/supabase-community/gotrue-swift",
      "state" : {
        "revision" : "4bf132d73d322ee5d6d648f02deb9f2bc19cc659",
        "version" : "1.2.1"
      }
    },
    {
      "identity" : "keychainaccess",
      "kind" : "remoteSourceControl",
      "location" : "https://github.com/kishikawakatsumi/KeychainAccess",
      "state" : {
        "revision" : "84e546727d66f1adc5439debad16270d0fdd04e7",
        "version" : "4.2.2"
      }
    },
    {
      "identity" : "postgrest-swift",
      "kind" : "remoteSourceControl",
      "location" : "https://github.com/supabase-community/postgrest-swift",
      "state" : {
        "revision" : "fb91f56ffcfe829c0cba2bfc180b1e669a8dd2e4",
        "version" : "1.0.1"
      }
    },
    {
      "identity" : "realtime-swift",
      "kind" : "remoteSourceControl",
      "location" : "https://github.com/supabase-community/realtime-swift.git",
      "state" : {
        "revision" : "0b985c687fe963f6bd818ff77a35c27247b98bb4",
        "version" : "0.0.2"
      }
    },
    {
      "identity" : "storage-swift",
      "kind" : "remoteSourceControl",
      "location" : "https://github.com/supabase-community/storage-swift.git",
      "state" : {
        "revision" : "65cae9e1156711043cbdebb27b4df93cbef46a1b",
        "version" : "0.1.4"
      }
    },
    {
      "identity" : "supabase-swift",
      "kind" : "remoteSourceControl",
      "location" : "https://github.com/supabase-community/supabase-swift.git",
      "state" : {
        "revision" : "7088b85247c8e56317f0b22b9d60655e8f762fec",
        "version" : "0.3.0"
      }
    },
    {
      "identity" : "swift-clocks",
      "kind" : "remoteSourceControl",
      "location" : "https://github.com/pointfreeco/swift-clocks",
      "state" : {
        "revision" : "d1fd837326aa719bee979bdde1f53cd5797443eb",
        "version" : "1.0.0"
      }
    },
    {
      "identity" : "swift-collections",
      "kind" : "remoteSourceControl",
      "location" : "https://github.com/apple/swift-collections",
      "state" : {
        "revision" : "937e904258d22af6e447a0b72c0bc67583ef64a2",
        "version" : "1.0.4"
      }
    },
    {
      "identity" : "swift-concurrency-extras",
      "kind" : "remoteSourceControl",
      "location" : "https://github.com/pointfreeco/swift-concurrency-extras",
      "state" : {
        "revision" : "ea631ce892687f5432a833312292b80db238186a",
        "version" : "1.0.0"
      }
    },
    {
      "identity" : "swift-dependencies",
      "kind" : "remoteSourceControl",
      "location" : "https://github.com/pointfreeco/swift-dependencies.git",
      "state" : {
        "revision" : "4e1eb6e28afe723286d8cc60611237ffbddba7c5",
        "version" : "1.0.0"
      }
    },
    {
      "identity" : "swift-docc-plugin",
      "kind" : "remoteSourceControl",
      "location" : "https://github.com/apple/swift-docc-plugin.git",
      "state" : {
        "revision" : "26ac5758409154cc448d7ab82389c520fa8a8247",
        "version" : "1.3.0"
      }
    },
    {
      "identity" : "swift-docc-symbolkit",
      "kind" : "remoteSourceControl",
      "location" : "https://github.com/apple/swift-docc-symbolkit",
      "state" : {
        "revision" : "b45d1f2ed151d057b54504d653e0da5552844e34",
        "version" : "1.0.0"
      }
    },
    {
      "identity" : "swift-identified-collections",
      "kind" : "remoteSourceControl",
      "location" : "https://github.com/pointfreeco/swift-identified-collections.git",
      "state" : {
        "revision" : "d1e45f3e1eee2c9193f5369fa9d70a6ddad635e8",
        "version" : "1.0.0"
      }
    },
    {
      "identity" : "swift-identified-storage",
      "kind" : "remoteSourceControl",
      "location" : "https://github.com/m-housh/swift-identified-storage.git",
      "state" : {
        "revision" : "d2af38e901a34405ddada93220f0ad36f7a553ac",
        "version" : "0.1.2"
      }
    },
    {
      "identity" : "urlqueryencoder",
      "kind" : "remoteSourceControl",
      "location" : "https://github.com/kean/URLQueryEncoder",
      "state" : {
        "revision" : "4ce950479707ea109f229d7230ec074a133b15d7",
        "version" : "0.2.1"
      }
    },
    {
      "identity" : "xctest-dynamic-overlay",
      "kind" : "remoteSourceControl",
      "location" : "https://github.com/pointfreeco/xctest-dynamic-overlay",
      "state" : {
        "revision" : "23cbf2294e350076ea4dbd7d5d047c1e76b03631",
        "version" : "1.0.2"
      }
    }
  ],
  "version" : 2
}
