// !$*UTF8*$!
{
	archiveVersion = 1;
	classes = {
	};
	objectVersion = 60;
	objects = {

/* Begin PBXBuildFile section */
		4C0799842A92FBC500699C91 /* ExamplesApp.swift in Sources */ = {isa = PBXBuildFile; fileRef = 4C0799832A92FBC500699C91 /* ExamplesApp.swift */; };
		4C0799882A92FBC900699C91 /* Assets.xcassets in Resources */ = {isa = PBXBuildFile; fileRef = 4C0799872A92FBC900699C91 /* Assets.xcassets */; };
		4C07998C2A92FBC900699C91 /* Preview Assets.xcassets in Resources */ = {isa = PBXBuildFile; fileRef = 4C07998B2A92FBC900699C91 /* Preview Assets.xcassets */; };
		4C0799962A92FBC900699C91 /* ExamplesTests.swift in Sources */ = {isa = PBXBuildFile; fileRef = 4C0799952A92FBC900699C91 /* ExamplesTests.swift */; };
		4C0799A02A92FBC900699C91 /* ExamplesUITests.swift in Sources */ = {isa = PBXBuildFile; fileRef = 4C07999F2A92FBC900699C91 /* ExamplesUITests.swift */; };
		4C0799A22A92FBC900699C91 /* ExamplesUITestsLaunchTests.swift in Sources */ = {isa = PBXBuildFile; fileRef = 4C0799A12A92FBC900699C91 /* ExamplesUITestsLaunchTests.swift */; };
		4C0799B32A92FC4700699C91 /* ComposableArchitecture in Frameworks */ = {isa = PBXBuildFile; productRef = 4C0799B22A92FC4700699C91 /* ComposableArchitecture */; };
		4C0799BC2A92FCF000699C91 /* SupabaseClient+Live.swift in Sources */ = {isa = PBXBuildFile; fileRef = 4C0799BB2A92FCF000699C91 /* SupabaseClient+Live.swift */; };
		4C0799C22A9304D500699C91 /* TodoForm.swift in Sources */ = {isa = PBXBuildFile; fileRef = 4C0799C12A9304D500699C91 /* TodoForm.swift */; };
		4C0799C42A943E3900699C91 /* RootView.swift in Sources */ = {isa = PBXBuildFile; fileRef = 4C0799C32A943E3900699C91 /* RootView.swift */; };
		4C0799C62A9440C400699C91 /* TodoListView.swift in Sources */ = {isa = PBXBuildFile; fileRef = 4C0799C52A9440C400699C91 /* TodoListView.swift */; };
		4C467B192A938C75006A21FC /* DatabaseClient.swift in Sources */ = {isa = PBXBuildFile; fileRef = 4C467B182A938C75006A21FC /* DatabaseClient.swift */; };
		4C467B1C2A938C8E006A21FC /* TodoModel.swift in Sources */ = {isa = PBXBuildFile; fileRef = 4C467B1B2A938C8E006A21FC /* TodoModel.swift */; };
		4C467B1E2A93BCE7006A21FC /* AuthView.swift in Sources */ = {isa = PBXBuildFile; fileRef = 4C467B1D2A93BCE7006A21FC /* AuthView.swift */; };
		4C467B202A93BF46006A21FC /* ErrorText.swift in Sources */ = {isa = PBXBuildFile; fileRef = 4C467B1F2A93BF46006A21FC /* ErrorText.swift */; };
		4CED0D262A97A95B0083DFF8 /* SupabaseClientDependencies in Frameworks */ = {isa = PBXBuildFile; productRef = 4CED0D252A97A95B0083DFF8 /* SupabaseClientDependencies */; };
/* End PBXBuildFile section */

/* Begin PBXContainerItemProxy section */
		4C0799922A92FBC900699C91 /* PBXContainerItemProxy */ = {
			isa = PBXContainerItemProxy;
			containerPortal = 4C0799782A92FBC500699C91 /* Project object */;
			proxyType = 1;
			remoteGlobalIDString = 4C07997F2A92FBC500699C91;
			remoteInfo = Examples;
		};
		4C07999C2A92FBC900699C91 /* PBXContainerItemProxy */ = {
			isa = PBXContainerItemProxy;
			containerPortal = 4C0799782A92FBC500699C91 /* Project object */;
			proxyType = 1;
			remoteGlobalIDString = 4C07997F2A92FBC500699C91;
			remoteInfo = Examples;
		};
/* End PBXContainerItemProxy section */

/* Begin PBXFileReference section */
		4C0799802A92FBC500699C91 /* Examples.app */ = {isa = PBXFileReference; explicitFileType = wrapper.application; includeInIndex = 0; path = Examples.app; sourceTree = BUILT_PRODUCTS_DIR; };
		4C0799832A92FBC500699C91 /* ExamplesApp.swift */ = {isa = PBXFileReference; lastKnownFileType = sourcecode.swift; path = ExamplesApp.swift; sourceTree = "<group>"; };
		4C0799872A92FBC900699C91 /* Assets.xcassets */ = {isa = PBXFileReference; lastKnownFileType = folder.assetcatalog; path = Assets.xcassets; sourceTree = "<group>"; };
		4C0799892A92FBC900699C91 /* Examples.entitlements */ = {isa = PBXFileReference; lastKnownFileType = text.plist.entitlements; path = Examples.entitlements; sourceTree = "<group>"; };
		4C07998B2A92FBC900699C91 /* Preview Assets.xcassets */ = {isa = PBXFileReference; lastKnownFileType = folder.assetcatalog; path = "Preview Assets.xcassets"; sourceTree = "<group>"; };
		4C0799912A92FBC900699C91 /* ExamplesTests.xctest */ = {isa = PBXFileReference; explicitFileType = wrapper.cfbundle; includeInIndex = 0; path = ExamplesTests.xctest; sourceTree = BUILT_PRODUCTS_DIR; };
		4C0799952A92FBC900699C91 /* ExamplesTests.swift */ = {isa = PBXFileReference; lastKnownFileType = sourcecode.swift; path = ExamplesTests.swift; sourceTree = "<group>"; };
		4C07999B2A92FBC900699C91 /* ExamplesUITests.xctest */ = {isa = PBXFileReference; explicitFileType = wrapper.cfbundle; includeInIndex = 0; path = ExamplesUITests.xctest; sourceTree = BUILT_PRODUCTS_DIR; };
		4C07999F2A92FBC900699C91 /* ExamplesUITests.swift */ = {isa = PBXFileReference; lastKnownFileType = sourcecode.swift; path = ExamplesUITests.swift; sourceTree = "<group>"; };
		4C0799A12A92FBC900699C91 /* ExamplesUITestsLaunchTests.swift */ = {isa = PBXFileReference; lastKnownFileType = sourcecode.swift; path = ExamplesUITestsLaunchTests.swift; sourceTree = "<group>"; };
		4C0799BB2A92FCF000699C91 /* SupabaseClient+Live.swift */ = {isa = PBXFileReference; lastKnownFileType = sourcecode.swift; path = "SupabaseClient+Live.swift"; sourceTree = "<group>"; };
		4C0799C12A9304D500699C91 /* TodoForm.swift */ = {isa = PBXFileReference; lastKnownFileType = sourcecode.swift; path = TodoForm.swift; sourceTree = "<group>"; };
		4C0799C32A943E3900699C91 /* RootView.swift */ = {isa = PBXFileReference; lastKnownFileType = sourcecode.swift; path = RootView.swift; sourceTree = "<group>"; };
		4C0799C52A9440C400699C91 /* TodoListView.swift */ = {isa = PBXFileReference; fileEncoding = 4; lastKnownFileType = sourcecode.swift; path = TodoListView.swift; sourceTree = "<group>"; };
		4C467B182A938C75006A21FC /* DatabaseClient.swift */ = {isa = PBXFileReference; fileEncoding = 4; lastKnownFileType = sourcecode.swift; path = DatabaseClient.swift; sourceTree = "<group>"; };
		4C467B1B2A938C8E006A21FC /* TodoModel.swift */ = {isa = PBXFileReference; fileEncoding = 4; lastKnownFileType = sourcecode.swift; path = TodoModel.swift; sourceTree = "<group>"; };
		4C467B1D2A93BCE7006A21FC /* AuthView.swift */ = {isa = PBXFileReference; lastKnownFileType = sourcecode.swift; path = AuthView.swift; sourceTree = "<group>"; };
		4C467B1F2A93BF46006A21FC /* ErrorText.swift */ = {isa = PBXFileReference; lastKnownFileType = sourcecode.swift; path = ErrorText.swift; sourceTree = "<group>"; };
/* End PBXFileReference section */

/* Begin PBXFrameworksBuildPhase section */
		4C07997D2A92FBC500699C91 /* Frameworks */ = {
			isa = PBXFrameworksBuildPhase;
			buildActionMask = 2147483647;
			files = (
				4CED0D262A97A95B0083DFF8 /* SupabaseClientDependencies in Frameworks */,
				4C0799B32A92FC4700699C91 /* ComposableArchitecture in Frameworks */,
			);
			runOnlyForDeploymentPostprocessing = 0;
		};
		4C07998E2A92FBC900699C91 /* Frameworks */ = {
			isa = PBXFrameworksBuildPhase;
			buildActionMask = 2147483647;
			files = (
			);
			runOnlyForDeploymentPostprocessing = 0;
		};
		4C0799982A92FBC900699C91 /* Frameworks */ = {
			isa = PBXFrameworksBuildPhase;
			buildActionMask = 2147483647;
			files = (
			);
			runOnlyForDeploymentPostprocessing = 0;
		};
/* End PBXFrameworksBuildPhase section */

/* Begin PBXGroup section */
		4C059A882A97049D000A63A7 /* Frameworks */ = {
			isa = PBXGroup;
			children = (
			);
			name = Frameworks;
			sourceTree = "<group>";
		};
		4C0799772A92FBC500699C91 = {
			isa = PBXGroup;
			children = (
				4C0799822A92FBC500699C91 /* Examples */,
				4C0799942A92FBC900699C91 /* ExamplesTests */,
				4C07999E2A92FBC900699C91 /* ExamplesUITests */,
				4C0799812A92FBC500699C91 /* Products */,
				4C059A882A97049D000A63A7 /* Frameworks */,
			);
			sourceTree = "<group>";
		};
		4C0799812A92FBC500699C91 /* Products */ = {
			isa = PBXGroup;
			children = (
				4C0799802A92FBC500699C91 /* Examples.app */,
				4C0799912A92FBC900699C91 /* ExamplesTests.xctest */,
				4C07999B2A92FBC900699C91 /* ExamplesUITests.xctest */,
			);
			name = Products;
			sourceTree = "<group>";
		};
		4C0799822A92FBC500699C91 /* Examples */ = {
			isa = PBXGroup;
			children = (
				4C0799C82A9446EC00699C91 /* FeatureViews */,
				4C0799C72A9446D100699C91 /* UtilityViews */,
				4C0799BA2A92FCDC00699C91 /* Dependencies */,
				4C467B1A2A938C8E006A21FC /* Models */,
				4C0799832A92FBC500699C91 /* ExamplesApp.swift */,
				4C0799C32A943E3900699C91 /* RootView.swift */,
				4C0799872A92FBC900699C91 /* Assets.xcassets */,
				4C0799892A92FBC900699C91 /* Examples.entitlements */,
				4C07998A2A92FBC900699C91 /* Preview Content */,
			);
			path = Examples;
			sourceTree = "<group>";
		};
		4C07998A2A92FBC900699C91 /* Preview Content */ = {
			isa = PBXGroup;
			children = (
				4C07998B2A92FBC900699C91 /* Preview Assets.xcassets */,
			);
			path = "Preview Content";
			sourceTree = "<group>";
		};
		4C0799942A92FBC900699C91 /* ExamplesTests */ = {
			isa = PBXGroup;
			children = (
				4C0799952A92FBC900699C91 /* ExamplesTests.swift */,
			);
			path = ExamplesTests;
			sourceTree = "<group>";
		};
		4C07999E2A92FBC900699C91 /* ExamplesUITests */ = {
			isa = PBXGroup;
			children = (
				4C07999F2A92FBC900699C91 /* ExamplesUITests.swift */,
				4C0799A12A92FBC900699C91 /* ExamplesUITestsLaunchTests.swift */,
			);
			path = ExamplesUITests;
			sourceTree = "<group>";
		};
		4C0799BA2A92FCDC00699C91 /* Dependencies */ = {
			isa = PBXGroup;
			children = (
				4C467B182A938C75006A21FC /* DatabaseClient.swift */,
				4C0799BB2A92FCF000699C91 /* SupabaseClient+Live.swift */,
			);
			path = Dependencies;
			sourceTree = "<group>";
		};
		4C0799C72A9446D100699C91 /* UtilityViews */ = {
			isa = PBXGroup;
			children = (
				4C467B1F2A93BF46006A21FC /* ErrorText.swift */,
			);
			path = UtilityViews;
			sourceTree = "<group>";
		};
		4C0799C82A9446EC00699C91 /* FeatureViews */ = {
			isa = PBXGroup;
			children = (
				4C0799C52A9440C400699C91 /* TodoListView.swift */,
				4C467B1D2A93BCE7006A21FC /* AuthView.swift */,
				4C0799C12A9304D500699C91 /* TodoForm.swift */,
			);
			path = FeatureViews;
			sourceTree = "<group>";
		};
		4C467B1A2A938C8E006A21FC /* Models */ = {
			isa = PBXGroup;
			children = (
				4C467B1B2A938C8E006A21FC /* TodoModel.swift */,
			);
			path = Models;
			sourceTree = "<group>";
		};
/* End PBXGroup section */

/* Begin PBXNativeTarget section */
		4C07997F2A92FBC500699C91 /* Examples */ = {
			isa = PBXNativeTarget;
			buildConfigurationList = 4C0799A52A92FBC900699C91 /* Build configuration list for PBXNativeTarget "Examples" */;
			buildPhases = (
				4C07997C2A92FBC500699C91 /* Sources */,
				4C07997D2A92FBC500699C91 /* Frameworks */,
				4C07997E2A92FBC500699C91 /* Resources */,
			);
			buildRules = (
			);
			dependencies = (
			);
			name = Examples;
			packageProductDependencies = (
				4C0799B22A92FC4700699C91 /* ComposableArchitecture */,
				4CED0D252A97A95B0083DFF8 /* SupabaseClientDependencies */,
			);
			productName = Examples;
			productReference = 4C0799802A92FBC500699C91 /* Examples.app */;
			productType = "com.apple.product-type.application";
		};
		4C0799902A92FBC900699C91 /* ExamplesTests */ = {
			isa = PBXNativeTarget;
			buildConfigurationList = 4C0799A82A92FBC900699C91 /* Build configuration list for PBXNativeTarget "ExamplesTests" */;
			buildPhases = (
				4C07998D2A92FBC900699C91 /* Sources */,
				4C07998E2A92FBC900699C91 /* Frameworks */,
				4C07998F2A92FBC900699C91 /* Resources */,
			);
			buildRules = (
			);
			dependencies = (
				4C0799932A92FBC900699C91 /* PBXTargetDependency */,
			);
			name = ExamplesTests;
			productName = ExamplesTests;
			productReference = 4C0799912A92FBC900699C91 /* ExamplesTests.xctest */;
			productType = "com.apple.product-type.bundle.unit-test";
		};
		4C07999A2A92FBC900699C91 /* ExamplesUITests */ = {
			isa = PBXNativeTarget;
			buildConfigurationList = 4C0799AB2A92FBC900699C91 /* Build configuration list for PBXNativeTarget "ExamplesUITests" */;
			buildPhases = (
				4C0799972A92FBC900699C91 /* Sources */,
				4C0799982A92FBC900699C91 /* Frameworks */,
				4C0799992A92FBC900699C91 /* Resources */,
			);
			buildRules = (
			);
			dependencies = (
				4C07999D2A92FBC900699C91 /* PBXTargetDependency */,
			);
			name = ExamplesUITests;
			productName = ExamplesUITests;
			productReference = 4C07999B2A92FBC900699C91 /* ExamplesUITests.xctest */;
			productType = "com.apple.product-type.bundle.ui-testing";
		};
/* End PBXNativeTarget section */

/* Begin PBXProject section */
		4C0799782A92FBC500699C91 /* Project object */ = {
			isa = PBXProject;
			attributes = {
				BuildIndependentTargetsInParallel = 1;
				LastSwiftUpdateCheck = 1500;
				LastUpgradeCheck = 1500;
				TargetAttributes = {
					4C07997F2A92FBC500699C91 = {
						CreatedOnToolsVersion = 15.0;
					};
					4C0799902A92FBC900699C91 = {
						CreatedOnToolsVersion = 15.0;
						TestTargetID = 4C07997F2A92FBC500699C91;
					};
					4C07999A2A92FBC900699C91 = {
						CreatedOnToolsVersion = 15.0;
						TestTargetID = 4C07997F2A92FBC500699C91;
					};
				};
			};
			buildConfigurationList = 4C07997B2A92FBC500699C91 /* Build configuration list for PBXProject "Examples" */;
			compatibilityVersion = "Xcode 14.0";
			developmentRegion = en;
			hasScannedForEncodings = 0;
			knownRegions = (
				en,
				Base,
			);
			mainGroup = 4C0799772A92FBC500699C91;
			packageReferences = (
				4C0799AE2A92FC1300699C91 /* XCLocalSwiftPackageReference ".." */,
				4C0799B12A92FC4700699C91 /* XCRemoteSwiftPackageReference "swift-composable-architecture" */,
			);
			productRefGroup = 4C0799812A92FBC500699C91 /* Products */;
			projectDirPath = "";
			projectRoot = "";
			targets = (
				4C07997F2A92FBC500699C91 /* Examples */,
				4C0799902A92FBC900699C91 /* ExamplesTests */,
				4C07999A2A92FBC900699C91 /* ExamplesUITests */,
			);
		};
/* End PBXProject section */

/* Begin PBXResourcesBuildPhase section */
		4C07997E2A92FBC500699C91 /* Resources */ = {
			isa = PBXResourcesBuildPhase;
			buildActionMask = 2147483647;
			files = (
				4C07998C2A92FBC900699C91 /* Preview Assets.xcassets in Resources */,
				4C0799882A92FBC900699C91 /* Assets.xcassets in Resources */,
			);
			runOnlyForDeploymentPostprocessing = 0;
		};
		4C07998F2A92FBC900699C91 /* Resources */ = {
			isa = PBXResourcesBuildPhase;
			buildActionMask = 2147483647;
			files = (
			);
			runOnlyForDeploymentPostprocessing = 0;
		};
		4C0799992A92FBC900699C91 /* Resources */ = {
			isa = PBXResourcesBuildPhase;
			buildActionMask = 2147483647;
			files = (
			);
			runOnlyForDeploymentPostprocessing = 0;
		};
/* End PBXResourcesBuildPhase section */

/* Begin PBXSourcesBuildPhase section */
		4C07997C2A92FBC500699C91 /* Sources */ = {
			isa = PBXSourcesBuildPhase;
			buildActionMask = 2147483647;
			files = (
				4C467B192A938C75006A21FC /* DatabaseClient.swift in Sources */,
				4C0799C22A9304D500699C91 /* TodoForm.swift in Sources */,
				4C0799C62A9440C400699C91 /* TodoListView.swift in Sources */,
				4C0799C42A943E3900699C91 /* RootView.swift in Sources */,
				4C467B202A93BF46006A21FC /* ErrorText.swift in Sources */,
				4C0799BC2A92FCF000699C91 /* SupabaseClient+Live.swift in Sources */,
				4C467B1C2A938C8E006A21FC /* TodoModel.swift in Sources */,
				4C467B1E2A93BCE7006A21FC /* AuthView.swift in Sources */,
				4C0799842A92FBC500699C91 /* ExamplesApp.swift in Sources */,
			);
			runOnlyForDeploymentPostprocessing = 0;
		};
		4C07998D2A92FBC900699C91 /* Sources */ = {
			isa = PBXSourcesBuildPhase;
			buildActionMask = 2147483647;
			files = (
				4C0799962A92FBC900699C91 /* ExamplesTests.swift in Sources */,
			);
			runOnlyForDeploymentPostprocessing = 0;
		};
		4C0799972A92FBC900699C91 /* Sources */ = {
			isa = PBXSourcesBuildPhase;
			buildActionMask = 2147483647;
			files = (
				4C0799A22A92FBC900699C91 /* ExamplesUITestsLaunchTests.swift in Sources */,
				4C0799A02A92FBC900699C91 /* ExamplesUITests.swift in Sources */,
			);
			runOnlyForDeploymentPostprocessing = 0;
		};
/* End PBXSourcesBuildPhase section */

/* Begin PBXTargetDependency section */
		4C0799932A92FBC900699C91 /* PBXTargetDependency */ = {
			isa = PBXTargetDependency;
			target = 4C07997F2A92FBC500699C91 /* Examples */;
			targetProxy = 4C0799922A92FBC900699C91 /* PBXContainerItemProxy */;
		};
		4C07999D2A92FBC900699C91 /* PBXTargetDependency */ = {
			isa = PBXTargetDependency;
			target = 4C07997F2A92FBC500699C91 /* Examples */;
			targetProxy = 4C07999C2A92FBC900699C91 /* PBXContainerItemProxy */;
		};
/* End PBXTargetDependency section */

/* Begin XCBuildConfiguration section */
		4C0799A32A92FBC900699C91 /* Debug */ = {
			isa = XCBuildConfiguration;
			buildSettings = {
				ALWAYS_SEARCH_USER_PATHS = NO;
				ASSETCATALOG_COMPILER_GENERATE_SWIFT_ASSET_SYMBOL_EXTENSIONS = YES;
				CLANG_ANALYZER_NONNULL = YES;
				CLANG_ANALYZER_NUMBER_OBJECT_CONVERSION = YES_AGGRESSIVE;
				CLANG_CXX_LANGUAGE_STANDARD = "gnu++20";
				CLANG_ENABLE_MODULES = YES;
				CLANG_ENABLE_OBJC_ARC = YES;
				CLANG_ENABLE_OBJC_WEAK = YES;
				CLANG_WARN_BLOCK_CAPTURE_AUTORELEASING = YES;
				CLANG_WARN_BOOL_CONVERSION = YES;
				CLANG_WARN_COMMA = YES;
				CLANG_WARN_CONSTANT_CONVERSION = YES;
				CLANG_WARN_DEPRECATED_OBJC_IMPLEMENTATIONS = YES;
				CLANG_WARN_DIRECT_OBJC_ISA_USAGE = YES_ERROR;
				CLANG_WARN_DOCUMENTATION_COMMENTS = YES;
				CLANG_WARN_EMPTY_BODY = YES;
				CLANG_WARN_ENUM_CONVERSION = YES;
				CLANG_WARN_INFINITE_RECURSION = YES;
				CLANG_WARN_INT_CONVERSION = YES;
				CLANG_WARN_NON_LITERAL_NULL_CONVERSION = YES;
				CLANG_WARN_OBJC_IMPLICIT_RETAIN_SELF = YES;
				CLANG_WARN_OBJC_LITERAL_CONVERSION = YES;
				CLANG_WARN_OBJC_ROOT_CLASS = YES_ERROR;
				CLANG_WARN_QUOTED_INCLUDE_IN_FRAMEWORK_HEADER = YES;
				CLANG_WARN_RANGE_LOOP_ANALYSIS = YES;
				CLANG_WARN_STRICT_PROTOTYPES = YES;
				CLANG_WARN_SUSPICIOUS_MOVE = YES;
				CLANG_WARN_UNGUARDED_AVAILABILITY = YES_AGGRESSIVE;
				CLANG_WARN_UNREACHABLE_CODE = YES;
				CLANG_WARN__DUPLICATE_METHOD_MATCH = YES;
				COPY_PHASE_STRIP = NO;
				DEBUG_INFORMATION_FORMAT = dwarf;
				ENABLE_STRICT_OBJC_MSGSEND = YES;
				ENABLE_TESTABILITY = YES;
				ENABLE_USER_SCRIPT_SANDBOXING = YES;
				GCC_C_LANGUAGE_STANDARD = gnu17;
				GCC_DYNAMIC_NO_PIC = NO;
				GCC_NO_COMMON_BLOCKS = YES;
				GCC_OPTIMIZATION_LEVEL = 0;
				GCC_PREPROCESSOR_DEFINITIONS = (
					"DEBUG=1",
					"$(inherited)",
				);
				GCC_WARN_64_TO_32_BIT_CONVERSION = YES;
				GCC_WARN_ABOUT_RETURN_TYPE = YES_ERROR;
				GCC_WARN_UNDECLARED_SELECTOR = YES;
				GCC_WARN_UNINITIALIZED_AUTOS = YES_AGGRESSIVE;
				GCC_WARN_UNUSED_FUNCTION = YES;
				GCC_WARN_UNUSED_VARIABLE = YES;
				LOCALIZATION_PREFERS_STRING_CATALOGS = YES;
				MTL_ENABLE_DEBUG_INFO = INCLUDE_SOURCE;
				MTL_FAST_MATH = YES;
				ONLY_ACTIVE_ARCH = YES;
				SWIFT_ACTIVE_COMPILATION_CONDITIONS = "DEBUG $(inherited)";
				SWIFT_OPTIMIZATION_LEVEL = "-Onone";
			};
			name = Debug;
		};
		4C0799A42A92FBC900699C91 /* Release */ = {
			isa = XCBuildConfiguration;
			buildSettings = {
				ALWAYS_SEARCH_USER_PATHS = NO;
				ASSETCATALOG_COMPILER_GENERATE_SWIFT_ASSET_SYMBOL_EXTENSIONS = YES;
				CLANG_ANALYZER_NONNULL = YES;
				CLANG_ANALYZER_NUMBER_OBJECT_CONVERSION = YES_AGGRESSIVE;
				CLANG_CXX_LANGUAGE_STANDARD = "gnu++20";
				CLANG_ENABLE_MODULES = YES;
				CLANG_ENABLE_OBJC_ARC = YES;
				CLANG_ENABLE_OBJC_WEAK = YES;
				CLANG_WARN_BLOCK_CAPTURE_AUTORELEASING = YES;
				CLANG_WARN_BOOL_CONVERSION = YES;
				CLANG_WARN_COMMA = YES;
				CLANG_WARN_CONSTANT_CONVERSION = YES;
				CLANG_WARN_DEPRECATED_OBJC_IMPLEMENTATIONS = YES;
				CLANG_WARN_DIRECT_OBJC_ISA_USAGE = YES_ERROR;
				CLANG_WARN_DOCUMENTATION_COMMENTS = YES;
				CLANG_WARN_EMPTY_BODY = YES;
				CLANG_WARN_ENUM_CONVERSION = YES;
				CLANG_WARN_INFINITE_RECURSION = YES;
				CLANG_WARN_INT_CONVERSION = YES;
				CLANG_WARN_NON_LITERAL_NULL_CONVERSION = YES;
				CLANG_WARN_OBJC_IMPLICIT_RETAIN_SELF = YES;
				CLANG_WARN_OBJC_LITERAL_CONVERSION = YES;
				CLANG_WARN_OBJC_ROOT_CLASS = YES_ERROR;
				CLANG_WARN_QUOTED_INCLUDE_IN_FRAMEWORK_HEADER = YES;
				CLANG_WARN_RANGE_LOOP_ANALYSIS = YES;
				CLANG_WARN_STRICT_PROTOTYPES = YES;
				CLANG_WARN_SUSPICIOUS_MOVE = YES;
				CLANG_WARN_UNGUARDED_AVAILABILITY = YES_AGGRESSIVE;
				CLANG_WARN_UNREACHABLE_CODE = YES;
				CLANG_WARN__DUPLICATE_METHOD_MATCH = YES;
				COPY_PHASE_STRIP = NO;
				DEBUG_INFORMATION_FORMAT = "dwarf-with-dsym";
				ENABLE_NS_ASSERTIONS = NO;
				ENABLE_STRICT_OBJC_MSGSEND = YES;
				ENABLE_USER_SCRIPT_SANDBOXING = YES;
				GCC_C_LANGUAGE_STANDARD = gnu17;
				GCC_NO_COMMON_BLOCKS = YES;
				GCC_WARN_64_TO_32_BIT_CONVERSION = YES;
				GCC_WARN_ABOUT_RETURN_TYPE = YES_ERROR;
				GCC_WARN_UNDECLARED_SELECTOR = YES;
				GCC_WARN_UNINITIALIZED_AUTOS = YES_AGGRESSIVE;
				GCC_WARN_UNUSED_FUNCTION = YES;
				GCC_WARN_UNUSED_VARIABLE = YES;
				LOCALIZATION_PREFERS_STRING_CATALOGS = YES;
				MTL_ENABLE_DEBUG_INFO = NO;
				MTL_FAST_MATH = YES;
				SWIFT_COMPILATION_MODE = wholemodule;
			};
			name = Release;
		};
		4C0799A62A92FBC900699C91 /* Debug */ = {
			isa = XCBuildConfiguration;
			buildSettings = {
				ASSETCATALOG_COMPILER_APPICON_NAME = AppIcon;
				ASSETCATALOG_COMPILER_GLOBAL_ACCENT_COLOR_NAME = AccentColor;
				CODE_SIGN_ENTITLEMENTS = Examples/Examples.entitlements;
				CODE_SIGN_STYLE = Automatic;
				CURRENT_PROJECT_VERSION = 1;
				DEVELOPMENT_ASSET_PATHS = "\"Examples/Preview Content\"";
				DEVELOPMENT_TEAM = QWY654725W;
				ENABLE_HARDENED_RUNTIME = YES;
				ENABLE_PREVIEWS = YES;
				GENERATE_INFOPLIST_FILE = YES;
				"INFOPLIST_KEY_UIApplicationSceneManifest_Generation[sdk=iphoneos*]" = YES;
				"INFOPLIST_KEY_UIApplicationSceneManifest_Generation[sdk=iphonesimulator*]" = YES;
				"INFOPLIST_KEY_UIApplicationSupportsIndirectInputEvents[sdk=iphoneos*]" = YES;
				"INFOPLIST_KEY_UIApplicationSupportsIndirectInputEvents[sdk=iphonesimulator*]" = YES;
				"INFOPLIST_KEY_UILaunchScreen_Generation[sdk=iphoneos*]" = YES;
				"INFOPLIST_KEY_UILaunchScreen_Generation[sdk=iphonesimulator*]" = YES;
				"INFOPLIST_KEY_UIStatusBarStyle[sdk=iphoneos*]" = UIStatusBarStyleDefault;
				"INFOPLIST_KEY_UIStatusBarStyle[sdk=iphonesimulator*]" = UIStatusBarStyleDefault;
				INFOPLIST_KEY_UISupportedInterfaceOrientations_iPad = "UIInterfaceOrientationPortrait UIInterfaceOrientationPortraitUpsideDown UIInterfaceOrientationLandscapeLeft UIInterfaceOrientationLandscapeRight";
				INFOPLIST_KEY_UISupportedInterfaceOrientations_iPhone = "UIInterfaceOrientationPortrait UIInterfaceOrientationLandscapeLeft UIInterfaceOrientationLandscapeRight";
				IPHONEOS_DEPLOYMENT_TARGET = 17.0;
				LD_RUNPATH_SEARCH_PATHS = "@executable_path/Frameworks";
				"LD_RUNPATH_SEARCH_PATHS[sdk=macosx*]" = "@executable_path/../Frameworks";
				MACOSX_DEPLOYMENT_TARGET = 14.0;
				MARKETING_VERSION = 1.0;
				PRODUCT_BUNDLE_IDENTIFIER = com.hhe.Examples;
				PRODUCT_NAME = "$(TARGET_NAME)";
				SDKROOT = auto;
				SUPPORTED_PLATFORMS = "iphoneos iphonesimulator macosx";
				SWIFT_EMIT_LOC_STRINGS = YES;
				SWIFT_VERSION = 5.0;
				TARGETED_DEVICE_FAMILY = "1,2";
			};
			name = Debug;
		};
		4C0799A72A92FBC900699C91 /* Release */ = {
			isa = XCBuildConfiguration;
			buildSettings = {
				ASSETCATALOG_COMPILER_APPICON_NAME = AppIcon;
				ASSETCATALOG_COMPILER_GLOBAL_ACCENT_COLOR_NAME = AccentColor;
				CODE_SIGN_ENTITLEMENTS = Examples/Examples.entitlements;
				CODE_SIGN_STYLE = Automatic;
				CURRENT_PROJECT_VERSION = 1;
				DEVELOPMENT_ASSET_PATHS = "\"Examples/Preview Content\"";
				DEVELOPMENT_TEAM = QWY654725W;
				ENABLE_HARDENED_RUNTIME = YES;
				ENABLE_PREVIEWS = YES;
				GENERATE_INFOPLIST_FILE = YES;
				"INFOPLIST_KEY_UIApplicationSceneManifest_Generation[sdk=iphoneos*]" = YES;
				"INFOPLIST_KEY_UIApplicationSceneManifest_Generation[sdk=iphonesimulator*]" = YES;
				"INFOPLIST_KEY_UIApplicationSupportsIndirectInputEvents[sdk=iphoneos*]" = YES;
				"INFOPLIST_KEY_UIApplicationSupportsIndirectInputEvents[sdk=iphonesimulator*]" = YES;
				"INFOPLIST_KEY_UILaunchScreen_Generation[sdk=iphoneos*]" = YES;
				"INFOPLIST_KEY_UILaunchScreen_Generation[sdk=iphonesimulator*]" = YES;
				"INFOPLIST_KEY_UIStatusBarStyle[sdk=iphoneos*]" = UIStatusBarStyleDefault;
				"INFOPLIST_KEY_UIStatusBarStyle[sdk=iphonesimulator*]" = UIStatusBarStyleDefault;
				INFOPLIST_KEY_UISupportedInterfaceOrientations_iPad = "UIInterfaceOrientationPortrait UIInterfaceOrientationPortraitUpsideDown UIInterfaceOrientationLandscapeLeft UIInterfaceOrientationLandscapeRight";
				INFOPLIST_KEY_UISupportedInterfaceOrientations_iPhone = "UIInterfaceOrientationPortrait UIInterfaceOrientationLandscapeLeft UIInterfaceOrientationLandscapeRight";
				IPHONEOS_DEPLOYMENT_TARGET = 17.0;
				LD_RUNPATH_SEARCH_PATHS = "@executable_path/Frameworks";
				"LD_RUNPATH_SEARCH_PATHS[sdk=macosx*]" = "@executable_path/../Frameworks";
				MACOSX_DEPLOYMENT_TARGET = 14.0;
				MARKETING_VERSION = 1.0;
				PRODUCT_BUNDLE_IDENTIFIER = com.hhe.Examples;
				PRODUCT_NAME = "$(TARGET_NAME)";
				SDKROOT = auto;
				SUPPORTED_PLATFORMS = "iphoneos iphonesimulator macosx";
				SWIFT_EMIT_LOC_STRINGS = YES;
				SWIFT_VERSION = 5.0;
				TARGETED_DEVICE_FAMILY = "1,2";
			};
			name = Release;
		};
		4C0799A92A92FBC900699C91 /* Debug */ = {
			isa = XCBuildConfiguration;
			buildSettings = {
				ALWAYS_EMBED_SWIFT_STANDARD_LIBRARIES = YES;
				BUNDLE_LOADER = "$(TEST_HOST)";
				CODE_SIGN_STYLE = Automatic;
				CURRENT_PROJECT_VERSION = 1;
				DEVELOPMENT_TEAM = QWY654725W;
				GENERATE_INFOPLIST_FILE = YES;
				IPHONEOS_DEPLOYMENT_TARGET = 17.0;
				MACOSX_DEPLOYMENT_TARGET = 14.0;
				MARKETING_VERSION = 1.0;
				PRODUCT_BUNDLE_IDENTIFIER = com.hhe.ExamplesTests;
				PRODUCT_NAME = "$(TARGET_NAME)";
				SDKROOT = auto;
				SUPPORTED_PLATFORMS = "iphoneos iphonesimulator macosx";
				SWIFT_EMIT_LOC_STRINGS = NO;
				SWIFT_VERSION = 5.0;
				TARGETED_DEVICE_FAMILY = "1,2";
				TEST_HOST = "$(BUILT_PRODUCTS_DIR)/Examples.app/$(BUNDLE_EXECUTABLE_FOLDER_PATH)/Examples";
			};
			name = Debug;
		};
		4C0799AA2A92FBC900699C91 /* Release */ = {
			isa = XCBuildConfiguration;
			buildSettings = {
				ALWAYS_EMBED_SWIFT_STANDARD_LIBRARIES = YES;
				BUNDLE_LOADER = "$(TEST_HOST)";
				CODE_SIGN_STYLE = Automatic;
				CURRENT_PROJECT_VERSION = 1;
				DEVELOPMENT_TEAM = QWY654725W;
				GENERATE_INFOPLIST_FILE = YES;
				IPHONEOS_DEPLOYMENT_TARGET = 17.0;
				MACOSX_DEPLOYMENT_TARGET = 14.0;
				MARKETING_VERSION = 1.0;
				PRODUCT_BUNDLE_IDENTIFIER = com.hhe.ExamplesTests;
				PRODUCT_NAME = "$(TARGET_NAME)";
				SDKROOT = auto;
				SUPPORTED_PLATFORMS = "iphoneos iphonesimulator macosx";
				SWIFT_EMIT_LOC_STRINGS = NO;
				SWIFT_VERSION = 5.0;
				TARGETED_DEVICE_FAMILY = "1,2";
				TEST_HOST = "$(BUILT_PRODUCTS_DIR)/Examples.app/$(BUNDLE_EXECUTABLE_FOLDER_PATH)/Examples";
			};
			name = Release;
		};
		4C0799AC2A92FBC900699C91 /* Debug */ = {
			isa = XCBuildConfiguration;
			buildSettings = {
				ALWAYS_EMBED_SWIFT_STANDARD_LIBRARIES = YES;
				CODE_SIGN_STYLE = Automatic;
				CURRENT_PROJECT_VERSION = 1;
				DEVELOPMENT_TEAM = QWY654725W;
				GENERATE_INFOPLIST_FILE = YES;
				IPHONEOS_DEPLOYMENT_TARGET = 17.0;
				MACOSX_DEPLOYMENT_TARGET = 14.0;
				MARKETING_VERSION = 1.0;
				PRODUCT_BUNDLE_IDENTIFIER = com.hhe.ExamplesUITests;
				PRODUCT_NAME = "$(TARGET_NAME)";
				SDKROOT = auto;
				SUPPORTED_PLATFORMS = "iphoneos iphonesimulator macosx";
				SWIFT_EMIT_LOC_STRINGS = NO;
				SWIFT_VERSION = 5.0;
				TARGETED_DEVICE_FAMILY = "1,2";
				TEST_TARGET_NAME = Examples;
			};
			name = Debug;
		};
		4C0799AD2A92FBC900699C91 /* Release */ = {
			isa = XCBuildConfiguration;
			buildSettings = {
				ALWAYS_EMBED_SWIFT_STANDARD_LIBRARIES = YES;
				CODE_SIGN_STYLE = Automatic;
				CURRENT_PROJECT_VERSION = 1;
				DEVELOPMENT_TEAM = QWY654725W;
				GENERATE_INFOPLIST_FILE = YES;
				IPHONEOS_DEPLOYMENT_TARGET = 17.0;
				MACOSX_DEPLOYMENT_TARGET = 14.0;
				MARKETING_VERSION = 1.0;
				PRODUCT_BUNDLE_IDENTIFIER = com.hhe.ExamplesUITests;
				PRODUCT_NAME = "$(TARGET_NAME)";
				SDKROOT = auto;
				SUPPORTED_PLATFORMS = "iphoneos iphonesimulator macosx";
				SWIFT_EMIT_LOC_STRINGS = NO;
				SWIFT_VERSION = 5.0;
				TARGETED_DEVICE_FAMILY = "1,2";
				TEST_TARGET_NAME = Examples;
			};
			name = Release;
		};
/* End XCBuildConfiguration section */

/* Begin XCConfigurationList section */
		4C07997B2A92FBC500699C91 /* Build configuration list for PBXProject "Examples" */ = {
			isa = XCConfigurationList;
			buildConfigurations = (
				4C0799A32A92FBC900699C91 /* Debug */,
				4C0799A42A92FBC900699C91 /* Release */,
			);
			defaultConfigurationIsVisible = 0;
			defaultConfigurationName = Release;
		};
		4C0799A52A92FBC900699C91 /* Build configuration list for PBXNativeTarget "Examples" */ = {
			isa = XCConfigurationList;
			buildConfigurations = (
				4C0799A62A92FBC900699C91 /* Debug */,
				4C0799A72A92FBC900699C91 /* Release */,
			);
			defaultConfigurationIsVisible = 0;
			defaultConfigurationName = Release;
		};
		4C0799A82A92FBC900699C91 /* Build configuration list for PBXNativeTarget "ExamplesTests" */ = {
			isa = XCConfigurationList;
			buildConfigurations = (
				4C0799A92A92FBC900699C91 /* Debug */,
				4C0799AA2A92FBC900699C91 /* Release */,
			);
			defaultConfigurationIsVisible = 0;
			defaultConfigurationName = Release;
		};
		4C0799AB2A92FBC900699C91 /* Build configuration list for PBXNativeTarget "ExamplesUITests" */ = {
			isa = XCConfigurationList;
			buildConfigurations = (
				4C0799AC2A92FBC900699C91 /* Debug */,
				4C0799AD2A92FBC900699C91 /* Release */,
			);
			defaultConfigurationIsVisible = 0;
			defaultConfigurationName = Release;
		};
/* End XCConfigurationList section */

/* Begin XCLocalSwiftPackageReference section */
		4C0799AE2A92FC1300699C91 /* XCLocalSwiftPackageReference ".." */ = {
			isa = XCLocalSwiftPackageReference;
			relativePath = ..;
		};
/* End XCLocalSwiftPackageReference section */

/* Begin XCRemoteSwiftPackageReference section */
		4C0799B12A92FC4700699C91 /* XCRemoteSwiftPackageReference "swift-composable-architecture" */ = {
			isa = XCRemoteSwiftPackageReference;
			repositoryURL = "https://github.com/pointfreeco/swift-composable-architecture.git";
			requirement = {
				kind = upToNextMajorVersion;
				minimumVersion = 1.1.0;
			};
		};
/* End XCRemoteSwiftPackageReference section */

/* Begin XCSwiftPackageProductDependency section */
		4C0799B22A92FC4700699C91 /* ComposableArchitecture */ = {
			isa = XCSwiftPackageProductDependency;
			package = 4C0799B12A92FC4700699C91 /* XCRemoteSwiftPackageReference "swift-composable-architecture" */;
			productName = ComposableArchitecture;
		};
		4CED0D252A97A95B0083DFF8 /* SupabaseClientDependencies */ = {
			isa = XCSwiftPackageProductDependency;
			productName = SupabaseClientDependencies;
		};
/* End XCSwiftPackageProductDependency section */
	};
	rootObject = 4C0799782A92FBC500699C91 /* Project object */;
}
